// !$*UTF8*$!
{
	archiveVersion = 1;
	classes = {
	};
	objectVersion = 50;
	objects = {

/* Begin PBXBuildFile section */
		7C7839D221327C78003F83AD /* AppDelegate.swift in Sources */ = {isa = PBXBuildFile; fileRef = 7C7839D121327C78003F83AD /* AppDelegate.swift */; };
		7C7839D421327C78003F83AD /* ViewController.swift in Sources */ = {isa = PBXBuildFile; fileRef = 7C7839D321327C78003F83AD /* ViewController.swift */; };
		7C7839D721327C78003F83AD /* Main.storyboard in Resources */ = {isa = PBXBuildFile; fileRef = 7C7839D521327C78003F83AD /* Main.storyboard */; };
		7C7839D921327C7B003F83AD /* Assets.xcassets in Resources */ = {isa = PBXBuildFile; fileRef = 7C7839D821327C7B003F83AD /* Assets.xcassets */; };
		7C7839DC21327C7B003F83AD /* LaunchScreen.storyboard in Resources */ = {isa = PBXBuildFile; fileRef = 7C7839DA21327C7B003F83AD /* LaunchScreen.storyboard */; };
		7C7839E721327C7B003F83AD /* I_m_RIch_AppTests.swift in Sources */ = {isa = PBXBuildFile; fileRef = 7C7839E621327C7B003F83AD /* I_m_RIch_AppTests.swift */; };
		7C7839F221327C7B003F83AD /* I_m_RIch_AppUITests.swift in Sources */ = {isa = PBXBuildFile; fileRef = 7C7839F121327C7B003F83AD /* I_m_RIch_AppUITests.swift */; };
/* End PBXBuildFile section */

/* Begin PBXContainerItemProxy section */
		7C7839E321327C7B003F83AD /* PBXContainerItemProxy */ = {
			isa = PBXContainerItemProxy;
			containerPortal = 7C7839C621327C78003F83AD /* Project object */;
			proxyType = 1;
			remoteGlobalIDString = 7C7839CD21327C78003F83AD;
			remoteInfo = "I'm RIch App";
		};
		7C7839EE21327C7B003F83AD /* PBXContainerItemProxy */ = {
			isa = PBXContainerItemProxy;
			containerPortal = 7C7839C621327C78003F83AD /* Project object */;
			proxyType = 1;
			remoteGlobalIDString = 7C7839CD21327C78003F83AD;
			remoteInfo = "I'm RIch App";
		};
/* End PBXContainerItemProxy section */

/* Begin PBXFileReference section */
		7C7839CE21327C78003F83AD /* I'm RIch App.app */ = {isa = PBXFileReference; explicitFileType = wrapper.application; includeInIndex = 0; path = "I'm RIch App.app"; sourceTree = BUILT_PRODUCTS_DIR; };
		7C7839D121327C78003F83AD /* AppDelegate.swift */ = {isa = PBXFileReference; lastKnownFileType = sourcecode.swift; path = AppDelegate.swift; sourceTree = "<group>"; };
		7C7839D321327C78003F83AD /* ViewController.swift */ = {isa = PBXFileReference; lastKnownFileType = sourcecode.swift; path = ViewController.swift; sourceTree = "<group>"; };
		7C7839D621327C78003F83AD /* Base */ = {isa = PBXFileReference; lastKnownFileType = file.storyboard; name = Base; path = Base.lproj/Main.storyboard; sourceTree = "<group>"; };
		7C7839D821327C7B003F83AD /* Assets.xcassets */ = {isa = PBXFileReference; lastKnownFileType = folder.assetcatalog; path = Assets.xcassets; sourceTree = "<group>"; };
		7C7839DB21327C7B003F83AD /* Base */ = {isa = PBXFileReference; lastKnownFileType = file.storyboard; name = Base; path = Base.lproj/LaunchScreen.storyboard; sourceTree = "<group>"; };
		7C7839DD21327C7B003F83AD /* Info.plist */ = {isa = PBXFileReference; lastKnownFileType = text.plist.xml; path = Info.plist; sourceTree = "<group>"; };
		7C7839E221327C7B003F83AD /* I'm RIch AppTests.xctest */ = {isa = PBXFileReference; explicitFileType = wrapper.cfbundle; includeInIndex = 0; path = "I'm RIch AppTests.xctest"; sourceTree = BUILT_PRODUCTS_DIR; };
		7C7839E621327C7B003F83AD /* I_m_RIch_AppTests.swift */ = {isa = PBXFileReference; lastKnownFileType = sourcecode.swift; path = I_m_RIch_AppTests.swift; sourceTree = "<group>"; };
		7C7839E821327C7B003F83AD /* Info.plist */ = {isa = PBXFileReference; lastKnownFileType = text.plist.xml; path = Info.plist; sourceTree = "<group>"; };
		7C7839ED21327C7B003F83AD /* I'm RIch AppUITests.xctest */ = {isa = PBXFileReference; explicitFileType = wrapper.cfbundle; includeInIndex = 0; path = "I'm RIch AppUITests.xctest"; sourceTree = BUILT_PRODUCTS_DIR; };
		7C7839F121327C7B003F83AD /* I_m_RIch_AppUITests.swift */ = {isa = PBXFileReference; lastKnownFileType = sourcecode.swift; path = I_m_RIch_AppUITests.swift; sourceTree = "<group>"; };
		7C7839F321327C7B003F83AD /* Info.plist */ = {isa = PBXFileReference; lastKnownFileType = text.plist.xml; path = Info.plist; sourceTree = "<group>"; };
/* End PBXFileReference section */

/* Begin PBXFrameworksBuildPhase section */
		7C7839CB21327C78003F83AD /* Frameworks */ = {
			isa = PBXFrameworksBuildPhase;
			buildActionMask = 2147483647;
			files = (
			);
			runOnlyForDeploymentPostprocessing = 0;
		};
		7C7839DF21327C7B003F83AD /* Frameworks */ = {
			isa = PBXFrameworksBuildPhase;
			buildActionMask = 2147483647;
			files = (
			);
			runOnlyForDeploymentPostprocessing = 0;
		};
		7C7839EA21327C7B003F83AD /* Frameworks */ = {
			isa = PBXFrameworksBuildPhase;
			buildActionMask = 2147483647;
			files = (
			);
			runOnlyForDeploymentPostprocessing = 0;
		};
/* End PBXFrameworksBuildPhase section */

/* Begin PBXGroup section */
		7C7839C521327C78003F83AD = {
			isa = PBXGroup;
			children = (
				7C7839D021327C78003F83AD /* I'm RIch App */,
				7C7839E521327C7B003F83AD /* I'm RIch AppTests */,
				7C7839F021327C7B003F83AD /* I'm RIch AppUITests */,
				7C7839CF21327C78003F83AD /* Products */,
			);
			sourceTree = "<group>";
		};
		7C7839CF21327C78003F83AD /* Products */ = {
			isa = PBXGroup;
			children = (
				7C7839CE21327C78003F83AD /* I'm RIch App.app */,
				7C7839E221327C7B003F83AD /* I'm RIch AppTests.xctest */,
				7C7839ED21327C7B003F83AD /* I'm RIch AppUITests.xctest */,
			);
			name = Products;
			sourceTree = "<group>";
		};
		7C7839D021327C78003F83AD /* I'm RIch App */ = {
			isa = PBXGroup;
			children = (
				7C7839D121327C78003F83AD /* AppDelegate.swift */,
				7C7839D321327C78003F83AD /* ViewController.swift */,
				7C7839D521327C78003F83AD /* Main.storyboard */,
				7C7839D821327C7B003F83AD /* Assets.xcassets */,
				7C7839DA21327C7B003F83AD /* LaunchScreen.storyboard */,
				7C7839DD21327C7B003F83AD /* Info.plist */,
			);
			path = "I'm RIch App";
			sourceTree = "<group>";
		};
		7C7839E521327C7B003F83AD /* I'm RIch AppTests */ = {
			isa = PBXGroup;
			children = (
				7C7839E621327C7B003F83AD /* I_m_RIch_AppTests.swift */,
				7C7839E821327C7B003F83AD /* Info.plist */,
			);
			path = "I'm RIch AppTests";
			sourceTree = "<group>";
		};
		7C7839F021327C7B003F83AD /* I'm RIch AppUITests */ = {
			isa = PBXGroup;
			children = (
				7C7839F121327C7B003F83AD /* I_m_RIch_AppUITests.swift */,
				7C7839F321327C7B003F83AD /* Info.plist */,
			);
			path = "I'm RIch AppUITests";
			sourceTree = "<group>";
		};
/* End PBXGroup section */

/* Begin PBXNativeTarget section */
		7C7839CD21327C78003F83AD /* I'm RIch App */ = {
			isa = PBXNativeTarget;
			buildConfigurationList = 7C7839F621327C7B003F83AD /* Build configuration list for PBXNativeTarget "I'm RIch App" */;
			buildPhases = (
				7C7839CA21327C78003F83AD /* Sources */,
				7C7839CB21327C78003F83AD /* Frameworks */,
				7C7839CC21327C78003F83AD /* Resources */,
			);
			buildRules = (
			);
			dependencies = (
			);
			name = "I'm RIch App";
			productName = "I'm RIch App";
			productReference = 7C7839CE21327C78003F83AD /* I'm RIch App.app */;
			productType = "com.apple.product-type.application";
		};
		7C7839E121327C7B003F83AD /* I'm RIch AppTests */ = {
			isa = PBXNativeTarget;
			buildConfigurationList = 7C7839F921327C7B003F83AD /* Build configuration list for PBXNativeTarget "I'm RIch AppTests" */;
			buildPhases = (
				7C7839DE21327C7B003F83AD /* Sources */,
				7C7839DF21327C7B003F83AD /* Frameworks */,
				7C7839E021327C7B003F83AD /* Resources */,
			);
			buildRules = (
			);
			dependencies = (
				7C7839E421327C7B003F83AD /* PBXTargetDependency */,
			);
			name = "I'm RIch AppTests";
			productName = "I'm RIch AppTests";
			productReference = 7C7839E221327C7B003F83AD /* I'm RIch AppTests.xctest */;
			productType = "com.apple.product-type.bundle.unit-test";
		};
		7C7839EC21327C7B003F83AD /* I'm RIch AppUITests */ = {
			isa = PBXNativeTarget;
			buildConfigurationList = 7C7839FC21327C7B003F83AD /* Build configuration list for PBXNativeTarget "I'm RIch AppUITests" */;
			buildPhases = (
				7C7839E921327C7B003F83AD /* Sources */,
				7C7839EA21327C7B003F83AD /* Frameworks */,
				7C7839EB21327C7B003F83AD /* Resources */,
			);
			buildRules = (
			);
			dependencies = (
				7C7839EF21327C7B003F83AD /* PBXTargetDependency */,
			);
			name = "I'm RIch AppUITests";
			productName = "I'm RIch AppUITests";
			productReference = 7C7839ED21327C7B003F83AD /* I'm RIch AppUITests.xctest */;
			productType = "com.apple.product-type.bundle.ui-testing";
		};
/* End PBXNativeTarget section */

/* Begin PBXProject section */
		7C7839C621327C78003F83AD /* Project object */ = {
			isa = PBXProject;
			attributes = {
				LastSwiftUpdateCheck = 0940;
				LastUpgradeCheck = 0940;
				ORGANIZATIONNAME = "Mansi Zope";
				TargetAttributes = {
					7C7839CD21327C78003F83AD = {
						CreatedOnToolsVersion = 9.4.1;
					};
					7C7839E121327C7B003F83AD = {
						CreatedOnToolsVersion = 9.4.1;
						TestTargetID = 7C7839CD21327C78003F83AD;
					};
					7C7839EC21327C7B003F83AD = {
						CreatedOnToolsVersion = 9.4.1;
						TestTargetID = 7C7839CD21327C78003F83AD;
					};
				};
			};
			buildConfigurationList = 7C7839C921327C78003F83AD /* Build configuration list for PBXProject "I'm RIch App" */;
			compatibilityVersion = "Xcode 9.3";
			developmentRegion = en;
			hasScannedForEncodings = 0;
			knownRegions = (
				en,
				Base,
			);
			mainGroup = 7C7839C521327C78003F83AD;
			productRefGroup = 7C7839CF21327C78003F83AD /* Products */;
			projectDirPath = "";
			projectRoot = "";
			targets = (
				7C7839CD21327C78003F83AD /* I'm RIch App */,
				7C7839E121327C7B003F83AD /* I'm RIch AppTests */,
				7C7839EC21327C7B003F83AD /* I'm RIch AppUITests */,
			);
		};
/* End PBXProject section */

/* Begin PBXResourcesBuildPhase section */
		7C7839CC21327C78003F83AD /* Resources */ = {
			isa = PBXResourcesBuildPhase;
			buildActionMask = 2147483647;
			files = (
				7C7839DC21327C7B003F83AD /* LaunchScreen.storyboard in Resources */,
				7C7839D921327C7B003F83AD /* Assets.xcassets in Resources */,
				7C7839D721327C78003F83AD /* Main.storyboard in Resources */,
			);
			runOnlyForDeploymentPostprocessing = 0;
		};
		7C7839E021327C7B003F83AD /* Resources */ = {
			isa = PBXResourcesBuildPhase;
			buildActionMask = 2147483647;
			files = (
			);
			runOnlyForDeploymentPostprocessing = 0;
		};
		7C7839EB21327C7B003F83AD /* Resources */ = {
			isa = PBXResourcesBuildPhase;
			buildActionMask = 2147483647;
			files = (
			);
			runOnlyForDeploymentPostprocessing = 0;
		};
/* End PBXResourcesBuildPhase section */

/* Begin PBXSourcesBuildPhase section */
		7C7839CA21327C78003F83AD /* Sources */ = {
			isa = PBXSourcesBuildPhase;
			buildActionMask = 2147483647;
			files = (
				7C7839D421327C78003F83AD /* ViewController.swift in Sources */,
				7C7839D221327C78003F83AD /* AppDelegate.swift in Sources */,
			);
			runOnlyForDeploymentPostprocessing = 0;
		};
		7C7839DE21327C7B003F83AD /* Sources */ = {
			isa = PBXSourcesBuildPhase;
			buildActionMask = 2147483647;
			files = (
				7C7839E721327C7B003F83AD /* I_m_RIch_AppTests.swift in Sources */,
			);
			runOnlyForDeploymentPostprocessing = 0;
		};
		7C7839E921327C7B003F83AD /* Sources */ = {
			isa = PBXSourcesBuildPhase;
			buildActionMask = 2147483647;
			files = (
				7C7839F221327C7B003F83AD /* I_m_RIch_AppUITests.swift in Sources */,
			);
			runOnlyForDeploymentPostprocessing = 0;
		};
/* End PBXSourcesBuildPhase section */

/* Begin PBXTargetDependency section */
		7C7839E421327C7B003F83AD /* PBXTargetDependency */ = {
			isa = PBXTargetDependency;
			target = 7C7839CD21327C78003F83AD /* I'm RIch App */;
			targetProxy = 7C7839E321327C7B003F83AD /* PBXContainerItemProxy */;
		};
		7C7839EF21327C7B003F83AD /* PBXTargetDependency */ = {
			isa = PBXTargetDependency;
			target = 7C7839CD21327C78003F83AD /* I'm RIch App */;
			targetProxy = 7C7839EE21327C7B003F83AD /* PBXContainerItemProxy */;
		};
/* End PBXTargetDependency section */

/* Begin PBXVariantGroup section */
		7C7839D521327C78003F83AD /* Main.storyboard */ = {
			isa = PBXVariantGroup;
			children = (
				7C7839D621327C78003F83AD /* Base */,
			);
			name = Main.storyboard;
			sourceTree = "<group>";
		};
		7C7839DA21327C7B003F83AD /* LaunchScreen.storyboard */ = {
			isa = PBXVariantGroup;
			children = (
				7C7839DB21327C7B003F83AD /* Base */,
			);
			name = LaunchScreen.storyboard;
			sourceTree = "<group>";
		};
/* End PBXVariantGroup section */

/* Begin XCBuildConfiguration section */
		7C7839F421327C7B003F83AD /* Debug */ = {
			isa = XCBuildConfiguration;
			buildSettings = {
				ALWAYS_SEARCH_USER_PATHS = NO;
				CLANG_ANALYZER_NONNULL = YES;
				CLANG_ANALYZER_NUMBER_OBJECT_CONVERSION = YES_AGGRESSIVE;
				CLANG_CXX_LANGUAGE_STANDARD = "gnu++14";
				CLANG_CXX_LIBRARY = "libc++";
				CLANG_ENABLE_MODULES = YES;
				CLANG_ENABLE_OBJC_ARC = YES;
				CLANG_ENABLE_OBJC_WEAK = YES;
				CLANG_WARN_BLOCK_CAPTURE_AUTORELEASING = YES;
				CLANG_WARN_BOOL_CONVERSION = YES;
				CLANG_WARN_COMMA = YES;
				CLANG_WARN_CONSTANT_CONVERSION = YES;
				CLANG_WARN_DEPRECATED_OBJC_IMPLEMENTATIONS = YES;
				CLANG_WARN_DIRECT_OBJC_ISA_USAGE = YES_ERROR;
				CLANG_WARN_DOCUMENTATION_COMMENTS = YES;
				CLANG_WARN_EMPTY_BODY = YES;
				CLANG_WARN_ENUM_CONVERSION = YES;
				CLANG_WARN_INFINITE_RECURSION = YES;
				CLANG_WARN_INT_CONVERSION = YES;
				CLANG_WARN_NON_LITERAL_NULL_CONVERSION = YES;
				CLANG_WARN_OBJC_IMPLICIT_RETAIN_SELF = YES;
				CLANG_WARN_OBJC_LITERAL_CONVERSION = YES;
				CLANG_WARN_OBJC_ROOT_CLASS = YES_ERROR;
				CLANG_WARN_RANGE_LOOP_ANALYSIS = YES;
				CLANG_WARN_STRICT_PROTOTYPES = YES;
				CLANG_WARN_SUSPICIOUS_MOVE = YES;
				CLANG_WARN_UNGUARDED_AVAILABILITY = YES_AGGRESSIVE;
				CLANG_WARN_UNREACHABLE_CODE = YES;
				CLANG_WARN__DUPLICATE_METHOD_MATCH = YES;
				CODE_SIGN_IDENTITY = "iPhone Developer";
				COPY_PHASE_STRIP = NO;
				DEBUG_INFORMATION_FORMAT = dwarf;
				ENABLE_STRICT_OBJC_MSGSEND = YES;
				ENABLE_TESTABILITY = YES;
				GCC_C_LANGUAGE_STANDARD = gnu11;
				GCC_DYNAMIC_NO_PIC = NO;
				GCC_NO_COMMON_BLOCKS = YES;
				GCC_OPTIMIZATION_LEVEL = 0;
				GCC_PREPROCESSOR_DEFINITIONS = (
					"DEBUG=1",
					"$(inherited)",
				);
				GCC_WARN_64_TO_32_BIT_CONVERSION = YES;
				GCC_WARN_ABOUT_RETURN_TYPE = YES_ERROR;
				GCC_WARN_UNDECLARED_SELECTOR = YES;
				GCC_WARN_UNINITIALIZED_AUTOS = YES_AGGRESSIVE;
				GCC_WARN_UNUSED_FUNCTION = YES;
				GCC_WARN_UNUSED_VARIABLE = YES;
				IPHONEOS_DEPLOYMENT_TARGET = 11.4;
				MTL_ENABLE_DEBUG_INFO = YES;
				ONLY_ACTIVE_ARCH = YES;
				SDKROOT = iphoneos;
				SWIFT_ACTIVE_COMPILATION_CONDITIONS = DEBUG;
				SWIFT_OPTIMIZATION_LEVEL = "-Onone";
			};
			name = Debug;
		};
		7C7839F521327C7B003F83AD /* Release */ = {
			isa = XCBuildConfiguration;
			buildSettings = {
				ALWAYS_SEARCH_USER_PATHS = NO;
				CLANG_ANALYZER_NONNULL = YES;
				CLANG_ANALYZER_NUMBER_OBJECT_CONVERSION = YES_AGGRESSIVE;
				CLANG_CXX_LANGUAGE_STANDARD = "gnu++14";
				CLANG_CXX_LIBRARY = "libc++";
				CLANG_ENABLE_MODULES = YES;
				CLANG_ENABLE_OBJC_ARC = YES;
				CLANG_ENABLE_OBJC_WEAK = YES;
				CLANG_WARN_BLOCK_CAPTURE_AUTORELEASING = YES;
				CLANG_WARN_BOOL_CONVERSION = YES;
				CLANG_WARN_COMMA = YES;
				CLANG_WARN_CONSTANT_CONVERSION = YES;
				CLANG_WARN_DEPRECATED_OBJC_IMPLEMENTATIONS = YES;
				CLANG_WARN_DIRECT_OBJC_ISA_USAGE = YES_ERROR;
				CLANG_WARN_DOCUMENTATION_COMMENTS = YES;
				CLANG_WARN_EMPTY_BODY = YES;
				CLANG_WARN_ENUM_CONVERSION = YES;
				CLANG_WARN_INFINITE_RECURSION = YES;
				CLANG_WARN_INT_CONVERSION = YES;
				CLANG_WARN_NON_LITERAL_NULL_CONVERSION = YES;
				CLANG_WARN_OBJC_IMPLICIT_RETAIN_SELF = YES;
				CLANG_WARN_OBJC_LITERAL_CONVERSION = YES;
				CLANG_WARN_OBJC_ROOT_CLASS = YES_ERROR;
				CLANG_WARN_RANGE_LOOP_ANALYSIS = YES;
				CLANG_WARN_STRICT_PROTOTYPES = YES;
				CLANG_WARN_SUSPICIOUS_MOVE = YES;
				CLANG_WARN_UNGUARDED_AVAILABILITY = YES_AGGRESSIVE;
				CLANG_WARN_UNREACHABLE_CODE = YES;
				CLANG_WARN__DUPLICATE_METHOD_MATCH = YES;
				CODE_SIGN_IDENTITY = "iPhone Developer";
				COPY_PHASE_STRIP = NO;
				DEBUG_INFORMATION_FORMAT = "dwarf-with-dsym";
				ENABLE_NS_ASSERTIONS = NO;
				ENABLE_STRICT_OBJC_MSGSEND = YES;
				GCC_C_LANGUAGE_STANDARD = gnu11;
				GCC_NO_COMMON_BLOCKS = YES;
				GCC_WARN_64_TO_32_BIT_CONVERSION = YES;
				GCC_WARN_ABOUT_RETURN_TYPE = YES_ERROR;
				GCC_WARN_UNDECLARED_SELECTOR = YES;
				GCC_WARN_UNINITIALIZED_AUTOS = YES_AGGRESSIVE;
				GCC_WARN_UNUSED_FUNCTION = YES;
				GCC_WARN_UNUSED_VARIABLE = YES;
				IPHONEOS_DEPLOYMENT_TARGET = 11.4;
				MTL_ENABLE_DEBUG_INFO = NO;
				SDKROOT = iphoneos;
				SWIFT_COMPILATION_MODE = wholemodule;
				SWIFT_OPTIMIZATION_LEVEL = "-O";
				VALIDATE_PRODUCT = YES;
			};
			name = Release;
		};
		7C7839F721327C7B003F83AD /* Debug */ = {
			isa = XCBuildConfiguration;
			buildSettings = {
				ASSETCATALOG_COMPILER_APPICON_NAME = AppIcon;
				CODE_SIGN_STYLE = Automatic;
				INFOPLIST_FILE = "I'm RIch App/Info.plist";
				LD_RUNPATH_SEARCH_PATHS = (
					"$(inherited)",
					"@executable_path/Frameworks",
				);
				PRODUCT_BUNDLE_IDENTIFIER = "com.mansizope.I-m-RIch-App";
				PRODUCT_NAME = "$(TARGET_NAME)";
				SWIFT_VERSION = 4.0;
				TARGETED_DEVICE_FAMILY = 1;
			};
			name = Debug;
		};
		7C7839F821327C7B003F83AD /* Release */ = {
			isa = XCBuildConfiguration;
			buildSettings = {
				ASSETCATALOG_COMPILER_APPICON_NAME = AppIcon;
				CODE_SIGN_STYLE = Automatic;
				INFOPLIST_FILE = "I'm RIch App/Info.plist";
				LD_RUNPATH_SEARCH_PATHS = (
					"$(inherited)",
					"@executable_path/Frameworks",
				);
				PRODUCT_BUNDLE_IDENTIFIER = "com.mansizope.I-m-RIch-App";
				PRODUCT_NAME = "$(TARGET_NAME)";
				SWIFT_VERSION = 4.0;
				TARGETED_DEVICE_FAMILY = 1;
			};
			name = Release;
		};
		7C7839FA21327C7B003F83AD /* Debug */ = {
			isa = XCBuildConfiguration;
			buildSettings = {
				ALWAYS_EMBED_SWIFT_STANDARD_LIBRARIES = YES;
				BUNDLE_LOADER = "$(TEST_HOST)";
				CODE_SIGN_STYLE = Automatic;
				INFOPLIST_FILE = "I'm RIch AppTests/Info.plist";
				LD_RUNPATH_SEARCH_PATHS = (
					"$(inherited)",
					"@executable_path/Frameworks",
					"@loader_path/Frameworks",
				);
				PRODUCT_BUNDLE_IDENTIFIER = "com.mansizope.I-m-RIch-AppTests";
				PRODUCT_NAME = "$(TARGET_NAME)";
				SWIFT_VERSION = 4.0;
				TARGETED_DEVICE_FAMILY = "1,2";
				TEST_HOST = "$(BUILT_PRODUCTS_DIR)/I'm RIch App.app/I'm RIch App";
			};
			name = Debug;
		};
		7C7839FB21327C7B003F83AD /* Release */ = {
			isa = XCBuildConfiguration;
			buildSettings = {
				ALWAYS_EMBED_SWIFT_STANDARD_LIBRARIES = YES;
				BUNDLE_LOADER = "$(TEST_HOST)";
				CODE_SIGN_STYLE = Automatic;
				INFOPLIST_FILE = "I'm RIch AppTests/Info.plist";
				LD_RUNPATH_SEARCH_PATHS = (
					"$(inherited)",
					"@executable_path/Frameworks",
					"@loader_path/Frameworks",
				);
				PRODUCT_BUNDLE_IDENTIFIER = "com.mansizope.I-m-RIch-AppTests";
				PRODUCT_NAME = "$(TARGET_NAME)";
				SWIFT_VERSION = 4.0;
				TARGETED_DEVICE_FAMILY = "1,2";
				TEST_HOST = "$(BUILT_PRODUCTS_DIR)/I'm RIch App.app/I'm RIch App";
			};
			name = Release;
		};
		7C7839FD21327C7B003F83AD /* Debug */ = {
			isa = XCBuildConfiguration;
			buildSettings = {
				ALWAYS_EMBED_SWIFT_STANDARD_LIBRARIES = YES;
				CODE_SIGN_STYLE = Automatic;
				INFOPLIST_FILE = "I'm RIch AppUITests/Info.plist";
				LD_RUNPATH_SEARCH_PATHS = (
					"$(inherited)",
					"@executable_path/Frameworks",
					"@loader_path/Frameworks",
				);
				PRODUCT_BUNDLE_IDENTIFIER = "com.mansizope.I-m-RIch-AppUITests";
				PRODUCT_NAME = "$(TARGET_NAME)";
				SWIFT_VERSION = 4.0;
				TARGETED_DEVICE_FAMILY = "1,2";
				TEST_TARGET_NAME = "I'm RIch App";
			};
			name = Debug;
		};
		7C7839FE21327C7B003F83AD /* Release */ = {
			isa = XCBuildConfiguration;
			buildSettings = {
				ALWAYS_EMBED_SWIFT_STANDARD_LIBRARIES = YES;
				CODE_SIGN_STYLE = Automatic;
				INFOPLIST_FILE = "I'm RIch AppUITests/Info.plist";
				LD_RUNPATH_SEARCH_PATHS = (
					"$(inherited)",
					"@executable_path/Frameworks",
					"@loader_path/Frameworks",
				);
				PRODUCT_BUNDLE_IDENTIFIER = "com.mansizope.I-m-RIch-AppUITests";
				PRODUCT_NAME = "$(TARGET_NAME)";
				SWIFT_VERSION = 4.0;
				TARGETED_DEVICE_FAMILY = "1,2";
				TEST_TARGET_NAME = "I'm RIch App";
			};
			name = Release;
		};
/* End XCBuildConfiguration section */

/* Begin XCConfigurationList section */
		7C7839C921327C78003F83AD /* Build configuration list for PBXProject "I'm RIch App" */ = {
			isa = XCConfigurationList;
			buildConfigurations = (
				7C7839F421327C7B003F83AD /* Debug */,
				7C7839F521327C7B003F83AD /* Release */,
			);
			defaultConfigurationIsVisible = 0;
			defaultConfigurationName = Release;
		};
		7C7839F621327C7B003F83AD /* Build configuration list for PBXNativeTarget "I'm RIch App" */ = {
			isa = XCConfigurationList;
			buildConfigurations = (
				7C7839F721327C7B003F83AD /* Debug */,
				7C7839F821327C7B003F83AD /* Release */,
			);
			defaultConfigurationIsVisible = 0;
			defaultConfigurationName = Release;
		};
		7C7839F921327C7B003F83AD /* Build configuration list for PBXNativeTarget "I'm RIch AppTests" */ = {
			isa = XCConfigurationList;
			buildConfigurations = (
				7C7839FA21327C7B003F83AD /* Debug */,
				7C7839FB21327C7B003F83AD /* Release */,
			);
			defaultConfigurationIsVisible = 0;
			defaultConfigurationName = Release;
		};
		7C7839FC21327C7B003F83AD /* Build configuration list for PBXNativeTarget "I'm RIch AppUITests" */ = {
			isa = XCConfigurationList;
			buildConfigurations = (
				7C7839FD21327C7B003F83AD /* Debug */,
				7C7839FE21327C7B003F83AD /* Release */,
			);
			defaultConfigurationIsVisible = 0;
			defaultConfigurationName = Release;
		};
/* End XCConfigurationList section */
	};
	rootObject = 7C7839C621327C78003F83AD /* Project object */;
}
